
Microsoft Visual Studio Solution File, Format Version 12.00
# Visual Studio Version 17
VisualStudioVersion = 17.0.32014.148
MinimumVisualStudioVersion = 10.0.40219.1
Project("{9A19103F-16F7-4668-BE54-9A1E7A4F7556}") = "Indotalent.Web", "Indotalent.Web\Indotalent.Web.csproj", "{F3C94C56-5063-42B7-AB8F-A33A0F8D94B0}"
EndProject
Project("{2150E333-8FDC-42A3-9474-1A3956D46DE8}") = "Solution Items", "Solution Items", "{3C940E12-E1F4-4BD0-9EA4-B3C2F28B7FBF}"
	ProjectSection(SolutionItems) = preProject
		.editorconfig = .editorconfig
	EndProjectSection
EndProject
Global
	GlobalSection(SolutionConfigurationPlatforms) = preSolution
		Debug|Any CPU = Debug|Any CPU
		Release|Any CPU = Release|Any CPU
	EndGlobalSection
	GlobalSection(ProjectConfigurationPlatforms) = postSolution
		{F3C94C56-5063-42B7-AB8F-A33A0F8D94B0}.Debug|Any CPU.ActiveCfg = Debug|Any CPU
		{F3C94C56-5063-42B7-AB8F-A33A0F8D94B0}.Debug|Any CPU.Build.0 = Debug|Any CPU
		{F3C94C56-5063-42B7-AB8F-A33A0F8D94B0}.Release|Any CPU.ActiveCfg = Release|Any CPU
		{F3C94C56-5063-42B7-AB8F-A33A0F8D94B0}.Release|Any CPU.Build.0 = Release|Any CPU
	EndGlobalSection
	GlobalSection(SolutionProperties) = preSolution
		HideSolutionNode = FALSE
	EndGlobalSection
	GlobalSection(ExtensibilityGlobals) = postSolution
		SolutionGuid = {EB35AA01-DB76-4B79-9A9B-CF526BA93682}
	EndGlobalSection
EndGlobal
